
Microsoft Visual Studio Solution File, Format Version 12.00
# Visual Studio Version 17
VisualStudioVersion = 17.7.34009.444
MinimumVisualStudioVersion = 10.0.40219.1
Project("{8BC9CEB8-8B4A-11D0-8D11-00A0C91BC942}") = "tkacheva-lr1", "tkacheva-lr1.vcxproj", "{BE17D2BD-A3FD-4354-97DC-6EE00F35C692}"
EndProject
Global
	GlobalSection(SolutionConfigurationPlatforms) = preSolution
		Debug|x64 = Debug|x64
		Debug|x86 = Debug|x86
		Release|x64 = Release|x64
		Release|x86 = Release|x86
	EndGlobalSection
	GlobalSection(ProjectConfigurationPlatforms) = postSolution
		{BE17D2BD-A3FD-4354-97DC-6EE00F35C692}.Debug|x64.ActiveCfg = Debug|x64
		{BE17D2BD-A3FD-4354-97DC-6EE00F35C692}.Debug|x64.Build.0 = Debug|x64
		{BE17D2BD-A3FD-4354-97DC-6EE00F35C692}.Debug|x86.ActiveCfg = Debug|Win32
		{BE17D2BD-A3FD-4354-97DC-6EE00F35C692}.Debug|x86.Build.0 = Debug|Win32
		{BE17D2BD-A3FD-4354-97DC-6EE00F35C692}.Release|x64.ActiveCfg = Release|x64
		{BE17D2BD-A3FD-4354-97DC-6EE00F35C692}.Release|x64.Build.0 = Release|x64
		{BE17D2BD-A3FD-4354-97DC-6EE00F35C692}.Release|x86.ActiveCfg = Release|Win32
		{BE17D2BD-A3FD-4354-97DC-6EE00F35C692}.Release|x86.Build.0 = Release|Win32
	EndGlobalSection
	GlobalSection(SolutionProperties) = preSolution
		HideSolutionNode = FALSE
	EndGlobalSection
	GlobalSection(ExtensibilityGlobals) = postSolution
		SolutionGuid = {6645CB24-83FC-4E78-80A0-00ADE896A83B}
	EndGlobalSection
EndGlobal
